Microsoft Visual Studio Solution File, Format Version 11.00
# Visual Studio 2008

Project("{0B6E4A7C-6A15-50AE-2A17-786254628545}") = "LazerCubes", "Assembly-CSharp.csproj", "{A220311C-63BF-2556-E1C8-4FF5FA3D0171}"
EndProject
Project("{0B6E4A7C-6A15-50AE-2A17-786254628545}") = "LazerCubes", "Assembly-CSharp-Editor.csproj", "{28F8DC38-C3E6-EA7C-F1F7-BE889B5AB595}"
EndProject
Global
	GlobalSection(SolutionConfigurationPlatforms) = preSolution
		Debug|Any CPU = Debug|Any CPU
		Release|Any CPU = Release|Any CPU
	EndGlobalSection
	GlobalSection(ProjectConfigurationPlatforms) = postSolution
		{A220311C-63BF-2556-E1C8-4FF5FA3D0171}.Debug|Any CPU.ActiveCfg = Debug|Any CPU
		{A220311C-63BF-2556-E1C8-4FF5FA3D0171}.Debug|Any CPU.Build.0 = Debug|Any CPU
		{A220311C-63BF-2556-E1C8-4FF5FA3D0171}.Release|Any CPU.ActiveCfg = Release|Any CPU
		{A220311C-63BF-2556-E1C8-4FF5FA3D0171}.Release|Any CPU.Build.0 = Release|Any CPU
		{28F8DC38-C3E6-EA7C-F1F7-BE889B5AB595}.Debug|Any CPU.ActiveCfg = Debug|Any CPU
		{28F8DC38-C3E6-EA7C-F1F7-BE889B5AB595}.Debug|Any CPU.Build.0 = Debug|Any CPU
		{28F8DC38-C3E6-EA7C-F1F7-BE889B5AB595}.Release|Any CPU.ActiveCfg = Release|Any CPU
		{28F8DC38-C3E6-EA7C-F1F7-BE889B5AB595}.Release|Any CPU.Build.0 = Release|Any CPU
	EndGlobalSection
	GlobalSection(SolutionProperties) = preSolution
		HideSolutionNode = FALSE
	EndGlobalSection
	GlobalSection(MonoDevelopProperties) = preSolution
		StartupItem = Assembly-CSharp.csproj
	EndGlobalSection
EndGlobal
